
Microsoft Visual Studio Solution File, Format Version 12.00
# Visual Studio Version 16
VisualStudioVersion = 16.0.29215.179
MinimumVisualStudioVersion = 10.0.40219.1
Project("{FAE04EC0-301F-11D3-BF4B-00C04F79EFBC}") = "BlueMedicalWebService", "BlueMedicalWebService\BlueMedicalWebService.csproj", "{66FB9E48-8E40-4CFC-9047-4710EEFDC901}"
EndProject
Global
	GlobalSection(SolutionConfigurationPlatforms) = preSolution
		Debug|Any CPU = Debug|Any CPU
		Release|Any CPU = Release|Any CPU
	EndGlobalSection
	GlobalSection(ProjectConfigurationPlatforms) = postSolution
		{66FB9E48-8E40-4CFC-9047-4710EEFDC901}.Debug|Any CPU.ActiveCfg = Debug|Any CPU
		{66FB9E48-8E40-4CFC-9047-4710EEFDC901}.Debug|Any CPU.Build.0 = Debug|Any CPU
		{66FB9E48-8E40-4CFC-9047-4710EEFDC901}.Release|Any CPU.ActiveCfg = Release|Any CPU
		{66FB9E48-8E40-4CFC-9047-4710EEFDC901}.Release|Any CPU.Build.0 = Release|Any CPU
	EndGlobalSection
	GlobalSection(SolutionProperties) = preSolution
		HideSolutionNode = FALSE
	EndGlobalSection
	GlobalSection(ExtensibilityGlobals) = postSolution
		SolutionGuid = {BD7B5B8E-8E3A-4384-B2B2-57DD1E51D63C}
	EndGlobalSection
EndGlobal
